
Microsoft Visual Studio Solution File, Format Version 12.00
# Visual Studio Version 17
VisualStudioVersion = 17.5.002.0
MinimumVisualStudioVersion = 10.0.40219.1
Project("{9A19103F-16F7-4668-BE54-9A1E7A4F7556}") = "Todo-cs", "Todo-cs.csproj", "{D1A51D20-CB95-4A64-A153-6539FF02044C}"
EndProject
Global
	GlobalSection(SolutionConfigurationPlatforms) = preSolution
		Debug|Any CPU = Debug|Any CPU
		Release|Any CPU = Release|Any CPU
	EndGlobalSection
	GlobalSection(ProjectConfigurationPlatforms) = postSolution
		{D1A51D20-CB95-4A64-A153-6539FF02044C}.Debug|Any CPU.ActiveCfg = Debug|Any CPU
		{D1A51D20-CB95-4A64-A153-6539FF02044C}.Debug|Any CPU.Build.0 = Debug|Any CPU
		{D1A51D20-CB95-4A64-A153-6539FF02044C}.Release|Any CPU.ActiveCfg = Release|Any CPU
		{D1A51D20-CB95-4A64-A153-6539FF02044C}.Release|Any CPU.Build.0 = Release|Any CPU
	EndGlobalSection
	GlobalSection(SolutionProperties) = preSolution
		HideSolutionNode = FALSE
	EndGlobalSection
	GlobalSection(ExtensibilityGlobals) = postSolution
		SolutionGuid = {100F32D2-1CD5-49B3-8B58-3BF6795244DC}
	EndGlobalSection
EndGlobal
